
Microsoft Visual Studio Solution File, Format Version 12.00
# Visual Studio Version 16
VisualStudioVersion = 16.0.29613.14
MinimumVisualStudioVersion = 10.0.40219.1
Project("{FAE04EC0-301F-11D3-BF4B-00C04F79EFBC}") = "MyWarCreator", "MyWarCreator\MyWarCreator.csproj", "{1117A0AB-C9D1-4984-BED6-294123A23E0E}"
EndProject
Project("{FAE04EC0-301F-11D3-BF4B-00C04F79EFBC}") = "CardCreator", "CardCreator\CardCreator.csproj", "{EEFEE914-F592-4922-8E2B-FE9279966BA9}"
EndProject
Global
	GlobalSection(SolutionConfigurationPlatforms) = preSolution
		Debug|Any CPU = Debug|Any CPU
		Release|Any CPU = Release|Any CPU
	EndGlobalSection
	GlobalSection(ProjectConfigurationPlatforms) = postSolution
		{1117A0AB-C9D1-4984-BED6-294123A23E0E}.Debug|Any CPU.ActiveCfg = Debug|Any CPU
		{1117A0AB-C9D1-4984-BED6-294123A23E0E}.Debug|Any CPU.Build.0 = Debug|Any CPU
		{1117A0AB-C9D1-4984-BED6-294123A23E0E}.Release|Any CPU.ActiveCfg = Release|Any CPU
		{1117A0AB-C9D1-4984-BED6-294123A23E0E}.Release|Any CPU.Build.0 = Release|Any CPU
		{EEFEE914-F592-4922-8E2B-FE9279966BA9}.Debug|Any CPU.ActiveCfg = Debug|Any CPU
		{EEFEE914-F592-4922-8E2B-FE9279966BA9}.Debug|Any CPU.Build.0 = Debug|Any CPU
		{EEFEE914-F592-4922-8E2B-FE9279966BA9}.Release|Any CPU.ActiveCfg = Release|Any CPU
		{EEFEE914-F592-4922-8E2B-FE9279966BA9}.Release|Any CPU.Build.0 = Release|Any CPU
	EndGlobalSection
	GlobalSection(SolutionProperties) = preSolution
		HideSolutionNode = FALSE
	EndGlobalSection
	GlobalSection(ExtensibilityGlobals) = postSolution
		SolutionGuid = {DE2C4C12-945C-44F4-A489-01891E9876AB}
	EndGlobalSection
EndGlobal
